
Microsoft Visual Studio Solution File, Format Version 12.00
# Visual Studio Version 17
VisualStudioVersion = 17.4.33205.214
MinimumVisualStudioVersion = 10.0.40219.1
Project("{FAE04EC0-301F-11D3-BF4B-00C04F79EFBC}") = "Library", "Library\Library.csproj", "{259D8340-2791-4DEB-9BE6-4E8FE6F4AE73}"
EndProject
Global
	GlobalSection(SolutionConfigurationPlatforms) = preSolution
		Debug|Any CPU = Debug|Any CPU
		Release|Any CPU = Release|Any CPU
	EndGlobalSection
	GlobalSection(ProjectConfigurationPlatforms) = postSolution
		{259D8340-2791-4DEB-9BE6-4E8FE6F4AE73}.Debug|Any CPU.ActiveCfg = Debug|Any CPU
		{259D8340-2791-4DEB-9BE6-4E8FE6F4AE73}.Debug|Any CPU.Build.0 = Debug|Any CPU
		{259D8340-2791-4DEB-9BE6-4E8FE6F4AE73}.Release|Any CPU.ActiveCfg = Release|Any CPU
		{259D8340-2791-4DEB-9BE6-4E8FE6F4AE73}.Release|Any CPU.Build.0 = Release|Any CPU
	EndGlobalSection
	GlobalSection(SolutionProperties) = preSolution
		HideSolutionNode = FALSE
	EndGlobalSection
	GlobalSection(ExtensibilityGlobals) = postSolution
		SolutionGuid = {E6FB001D-D8C2-46AA-9385-21A5B755DCE8}
	EndGlobalSection
EndGlobal
